PODS:
  - PMCircularCollectionView (0.0.1):
    - PMUtils
  - PMRotatingPrismContainer (0.0.1):
    - PMCircularCollectionView
    - PMUtils
  - PMUtils (0.0.4)

DEPENDENCIES:
  - PMRotatingPrismContainer (from `../PMRotatingPrismContainer.podspec`)

EXTERNAL SOURCES:
  PMRotatingPrismContainer:
    :path: ../PMRotatingPrismContainer.podspec

SPEC CHECKSUMS:
  PMCircularCollectionView: 974f9df125fd660a37aeeae31b185c159d6b2079
  PMRotatingPrismContainer: 719bf7486508d80565cfbc392a869fb398fee704
  PMUtils: a9fdca34e85a4fe20b6fcec67c9da6f1b6d13604

COCOAPODS: 0.29.0
