PODS:
  - PMCircularCollectionView (0.0.26):
    - PMUtils
  - PMTabBarController (0.0.12):
    - PMCircularCollectionView
    - PMUtils
  - PMUtils (0.0.46)

DEPENDENCIES:
  - PMTabBarController (from `../PMTabBarController.podspec`)

EXTERNAL SOURCES:
  PMTabBarController:
    :path: ../PMTabBarController.podspec

SPEC CHECKSUMS:
  PMCircularCollectionView: d4484a6deb58ff7c9d8bb38e2c791977dcb832c4
  PMTabBarController: 9c6164a47b7b0a2fb103326e77d3db2c17859fcf
  PMUtils: d63d08d739c2c59dacfe77a81bb36c42b9430415

COCOAPODS: 0.33.1
