PODS:
  - PMCircularCollectionView (0.0.17):
    - PMUtils
  - PMTabBarController (0.0.6):
    - PMCircularCollectionView
    - PMUtils
  - PMUtils (0.0.25)

DEPENDENCIES:
  - PMTabBarController (from `../PMTabBarController.podspec`)

EXTERNAL SOURCES:
  PMTabBarController:
    :path: ../PMTabBarController.podspec

SPEC CHECKSUMS:
  PMCircularCollectionView: a3aebe2b52ab97462af6f07c13be69bd01e389de
  PMTabBarController: 09f25ec920944b7dce80de71bac751581f156aac
  PMUtils: 0066b10df8d25e658c30aa45584816e3b8f92d75

COCOAPODS: 0.29.0
